
Microsoft Visual Studio Solution File, Format Version 12.00
# Visual Studio Version 17
VisualStudioVersion = 17.7.34221.43
MinimumVisualStudioVersion = 10.0.40219.1
Project("{FAE04EC0-301F-11D3-BF4B-00C04F79EFBC}") = "WeChatKiller", "WeChatKiller.csproj", "{EAEB193F-5A47-4650-8B5C-360566FAF7B0}"
EndProject
Global
	GlobalSection(SolutionConfigurationPlatforms) = preSolution
		Debug|Any CPU = Debug|Any CPU
		Release|Any CPU = Release|Any CPU
	EndGlobalSection
	GlobalSection(ProjectConfigurationPlatforms) = postSolution
		{EAEB193F-5A47-4650-8B5C-360566FAF7B0}.Debug|Any CPU.ActiveCfg = Debug|Any CPU
		{EAEB193F-5A47-4650-8B5C-360566FAF7B0}.Debug|Any CPU.Build.0 = Debug|Any CPU
		{EAEB193F-5A47-4650-8B5C-360566FAF7B0}.Release|Any CPU.ActiveCfg = Release|Any CPU
		{EAEB193F-5A47-4650-8B5C-360566FAF7B0}.Release|Any CPU.Build.0 = Release|Any CPU
	EndGlobalSection
	GlobalSection(SolutionProperties) = preSolution
		HideSolutionNode = FALSE
	EndGlobalSection
	GlobalSection(ExtensibilityGlobals) = postSolution
		SolutionGuid = {8321035C-46DF-432B-A31F-51FE10E527FB}
	EndGlobalSection
EndGlobal
